version = 1
revision = 3
requires-python = ">=3.14"

[[package]]
name = "altgraph"
version = "0.17.5"
source = { registry = "https://pypi.org/simple" }
sdist = { url = "https://files.pythonhosted.org/packages/7e/f8/97fdf103f38fed6792a1601dbc16cc8aac56e7459a9fff08c812d8ae177a/altgraph-0.17.5.tar.gz", hash = "sha256:c87b395dd12fabde9c99573a9749d67da8d29ef9de0125c7f536699b4a9bc9e7", size = 48428, upload-time = "2025-11-21T20:35:50.583Z" }
wheels = [
    { url = "https://files.pythonhosted.org/packages/a9/ba/000a1996d4308bc65120167c21241a3b205464a2e0b58deda26ae8ac21d1/altgraph-0.17.5-py2.py3-none-any.whl", hash = "sha256:f3a22400bce1b0c701683820ac4f3b159cd301acab067c51c653e06961600597", size = 21228, upload-time = "2025-11-21T20:35:49.444Z" },
]

[[package]]
name = "ass"
version = "1.0.3"
source = { registry = "https://pypi.org/simple" }
sdist = { url = "https://files.pythonhosted.org/packages/e5/07/5c6a42e66414502df0aae1d8f752c4412f3845d953c45dbd705f7932de59/ass-1.0.3.tar.gz", hash = "sha256:1e48e181c8a6516d5a7a98de1e1be18ac6661526c3c37d92b6d16680650ef673", size = 12419, upload-time = "2025-10-22T21:11:04.82Z" }
wheels = [
    { url = "https://files.pythonhosted.org/packages/7a/3d/c51af75f531131d4f575cd8a8ffc8b101d21d80804626c25613f352ec85b/ass-1.0.3-py3-none-any.whl", hash = "sha256:8b46e481c5f866eec8be831d62697a0a580395e9ecc93239025cdd667cbe91b2", size = 15315, upload-time = "2025-10-22T21:11:03.996Z" },
]

[[package]]
name = "eyewoods"
version = "0.1.0"
source = { virtual = "." }
dependencies = [
    { name = "ass" },
    { name = "polars" },
    { name = "pyqt6" },
    { name = "srt" },
]

[package.dev-dependencies]
dev = [
    { name = "pyinstaller" },
    { name = "ruff" },
]

[package.metadata]
requires-dist = [
    { name = "ass", specifier = ">=1.0.3" },
    { name = "polars", specifier = ">=1.41.2" },
    { name = "pyqt6", specifier = ">=6.10.2" },
    { name = "srt", specifier = ">=3.5.3" },
]

[package.metadata.requires-dev]
dev = [
    { name = "pyinstaller", specifier = ">=6.20.0" },
    { name = "ruff", specifier = ">=0.15.16" },
]

[[package]]
name = "macholib"
version = "1.16.4"
source = { registry = "https://pypi.org/simple" }
dependencies = [
    { name = "altgraph" },
]
sdist = { url = "https://files.pythonhosted.org/packages/10/2f/97589876ea967487978071c9042518d28b958d87b17dceb7cdc1d881f963/macholib-1.16.4.tar.gz", hash = "sha256:f408c93ab2e995cd2c46e34fe328b130404be143469e41bc366c807448979362", size = 59427, upload-time = "2025-11-22T08:28:38.373Z" }
wheels = [
    { url = "https://files.pythonhosted.org/packages/c7/d1/a9f36f8ecdf0fb7c9b1e78c8d7af12b8c8754e74851ac7b94a8305540fc7/macholib-1.16.4-py2.py3-none-any.whl", hash = "sha256:da1a3fa8266e30f0ce7e97c6a54eefaae8edd1e5f86f3eb8b95457cae90265ea", size = 38117, upload-time = "2025-11-22T08:28:36.939Z" },
]

[[package]]
name = "packaging"
version = "26.2"
source = { registry = "https://pypi.org/simple" }
sdist = { url = "https://files.pythonhosted.org/packages/d7/f1/e7a6dd94a8d4a5626c03e4e99c87f241ba9e350cd9e6d75123f992427270/packaging-26.2.tar.gz", hash = "sha256:ff452ff5a3e828ce110190feff1178bb1f2ea2281fa2075aadb987c2fb221661", size = 228134, upload-time = "2026-04-24T20:15:23.917Z" }
wheels = [
    { url = "https://files.pythonhosted.org/packages/df/b2/87e62e8c3e2f4b32e5fe99e0b86d576da1312593b39f47d8ceef365e95ed/packaging-26.2-py3-none-any.whl", hash = "sha256:5fc45236b9446107ff2415ce77c807cee2862cb6fac22b8a73826d0693b0980e", size = 100195, upload-time = "2026-04-24T20:15:22.081Z" },
]

[[package]]
name = "pefile"
version = "2024.8.26"
source = { registry = "https://pypi.org/simple" }
sdist = { url = "https://files.pythonhosted.org/packages/03/4f/2750f7f6f025a1507cd3b7218691671eecfd0bbebebe8b39aa0fe1d360b8/pefile-2024.8.26.tar.gz", hash = "sha256:3ff6c5d8b43e8c37bb6e6dd5085658d658a7a0bdcd20b6a07b1fcfc1c4e9d632", size = 76008, upload-time = "2024-08-26T20:58:38.155Z" }
wheels = [
    { url = "https://files.pythonhosted.org/packages/54/16/12b82f791c7f50ddec566873d5bdd245baa1491bac11d15ffb98aecc8f8b/pefile-2024.8.26-py3-none-any.whl", hash = "sha256:76f8b485dcd3b1bb8166f1128d395fa3d87af26360c2358fb75b80019b957c6f", size = 74766, upload-time = "2024-08-26T21:01:02.632Z" },
]

[[package]]
name = "polars"
version = "1.41.2"
source = { registry = "https://pypi.org/simple" }
dependencies = [
    { name = "polars-runtime-32" },
]
sdist = { url = "https://files.pythonhosted.org/packages/ff/f9/aeda46259b0669247a160315d2d51269de9504b9dd2f70acadbcb22f46b7/polars-1.41.2.tar.gz", hash = "sha256:256d6731162371b77f3f29a55eacb8c0fc740ddb1a293a01d2ef5b5393c5c708", size = 737996, upload-time = "2026-05-29T17:39:15.604Z" }
wheels = [
    { url = "https://files.pythonhosted.org/packages/1f/22/28f62d24f7db56ac4343588f9362d49b7b4177e55ac47a466fe696b0099b/polars-1.41.2-py3-none-any.whl", hash = "sha256:23ce9a2910b6e3e8d4258770bf44aa17170958df7af6e85feedf4458a04d8d29", size = 833445, upload-time = "2026-05-29T17:37:05.576Z" },
]

[[package]]
name = "polars-runtime-32"
version = "1.41.2"
source = { registry = "https://pypi.org/simple" }
sdist = { url = "https://files.pythonhosted.org/packages/f9/56/54e3ea0e9b64f327179049e4742241cc6b1d3e8fa414b05a057dd26df367/polars_runtime_32-1.41.2.tar.gz", hash = "sha256:7af09ec1ab053da2c9669e8d15f809a4083a29be05db57111688b8051062af56", size = 2989474, upload-time = "2026-05-29T17:39:17.257Z" }
wheels = [
    { url = "https://files.pythonhosted.org/packages/d6/9b/fe72a3811c0357cdb06c67bdc7695fa1623ad47948fc523195f5ac31037f/polars_runtime_32-1.41.2-cp310-abi3-macosx_10_12_x86_64.whl", hash = "sha256:95a08346dac337357cdb825c8076df7d36da54c4caa59a5cb41d0a30691c5edd", size = 52265283, upload-time = "2026-05-29T17:37:09.407Z" },
    { url = "https://files.pythonhosted.org/packages/0a/93/fab9da803fd80d9e83ef88c20932f637a10bc611b20415fc322eec84bc44/polars_runtime_32-1.41.2-cp310-abi3-macosx_11_0_arm64.whl", hash = "sha256:dedfaeec2c7f995298da7319dd9431d662e5dd1d0ec51b1459df4a0234ceff52", size = 46571222, upload-time = "2026-05-29T17:37:13.698Z" },
    { url = "https://files.pythonhosted.org/packages/c8/2a/8843f34a8ac57acd058a39b87b03b580dd352a490e9dae0415e02033bdd4/polars_runtime_32-1.41.2-cp310-abi3-manylinux_2_17_aarch64.manylinux2014_aarch64.whl", hash = "sha256:18eea22c5cc34e27f8a60950458ad81e6a9ea75e89363ca1367e14e7e7f781fc", size = 50409372, upload-time = "2026-05-29T17:37:17.875Z" },
    { url = "https://files.pythonhosted.org/packages/6c/c6/92b352fe88cf51bd0a19fb99e1c0cbe46aa26c14dcf7995b89869cd932ae/polars_runtime_32-1.41.2-cp310-abi3-manylinux_2_17_x86_64.manylinux2014_x86_64.whl", hash = "sha256:2630540dfdfb0f36f9b04a07c7c2e3f50bf2ad384113263c1c812007ee9141e0", size = 56405484, upload-time = "2026-05-29T17:37:22.684Z" },
    { url = "https://files.pythonhosted.org/packages/74/c4/bae3174c3b02f6b441d2e58594387abcd509f67a098f682a83b195f08966/polars_runtime_32-1.41.2-cp310-abi3-musllinux_1_2_aarch64.whl", hash = "sha256:20e969e08f9b137e233c04cc04de73d9795f89eb77d34854e40a025965a43763", size = 50603512, upload-time = "2026-05-29T17:37:27.422Z" },
    { url = "https://files.pythonhosted.org/packages/f4/ed/f2d26ae02d92c2689056838ed59e2a626326ad23c2831d58637d25f6c82a/polars_runtime_32-1.41.2-cp310-abi3-musllinux_1_2_x86_64.whl", hash = "sha256:e7016a3deb641b64a31447abbbee0f34bd020a6a9ae34ee6b743837def15e2a4", size = 54328561, upload-time = "2026-05-29T17:37:32.587Z" },
    { url = "https://files.pythonhosted.org/packages/9b/c4/9c3831cc885dc7769e59abf8f583821a5fb4403fd0e4eba0ccc6d47a3d4b/polars_runtime_32-1.41.2-cp310-abi3-win_amd64.whl", hash = "sha256:1e5e5377c315e0dcafdfb2a31adc546abbaeb3f9cb1864e6536523d2af473265", size = 51978643, upload-time = "2026-05-29T17:37:37.443Z" },
    { url = "https://files.pythonhosted.org/packages/cd/c6/79e9f3f270270d7ed5575d92b7bfef49f01abd9275447161275b23b553a8/polars_runtime_32-1.41.2-cp310-abi3-win_arm64.whl", hash = "sha256:843d96f69d18eca53429c1198e58891db7f18111f83b9c419bb45ad9d73eaed5", size = 46006901, upload-time = "2026-05-29T17:37:42.522Z" },
]

[[package]]
name = "pyinstaller"
version = "6.20.0"
source = { registry = "https://pypi.org/simple" }
dependencies = [
    { name = "altgraph" },
    { name = "macholib", marker = "sys_platform == 'darwin'" },
    { name = "packaging" },
    { name = "pefile", marker = "sys_platform == 'win32'" },
    { name = "pyinstaller-hooks-contrib" },
    { name = "pywin32-ctypes", marker = "sys_platform == 'win32'" },
    { name = "setuptools" },
]
sdist = { url = "https://files.pythonhosted.org/packages/46/60/d03d52e6690d4e9caf333dcd14550cde634ce6c118b3bc8fa3112c3186fd/pyinstaller-6.20.0.tar.gz", hash = "sha256:95c5c7e03d5d61e9dfb8ef259c699cf492bb1041beb6dbe83696608cec07347a", size = 4048728, upload-time = "2026-04-22T20:59:36.96Z" }
wheels = [
    { url = "https://files.pythonhosted.org/packages/d0/e4/e228d6d1bbb7fd62dc660a8fb202a583b023d3a3624ca95d1a9290ee4d6a/pyinstaller-6.20.0-py3-none-macosx_10_13_universal2.whl", hash = "sha256:bf3be4e1284ee78ddccba5e29f99443a12a7b4673168288ffc4c9d38c6f7b90e", size = 1047642, upload-time = "2026-04-22T20:58:32.006Z" },
    { url = "https://files.pythonhosted.org/packages/ce/bd/afb631bcb3f9040efebd4f6d067f0828b51710818f69fb41a2d4b7787f52/pyinstaller-6.20.0-py3-none-manylinux2014_aarch64.whl", hash = "sha256:72ae9c1fdea134afa791f58bdc9a1934d5c7609753c111e0026bfc272b32b712", size = 742494, upload-time = "2026-04-22T20:58:36.285Z" },
    { url = "https://files.pythonhosted.org/packages/76/08/0729a5bac14754150e5d83b39d87d842eb42b0bffcaa03dbad6252e23a39/pyinstaller-6.20.0-py3-none-manylinux2014_i686.whl", hash = "sha256:1031bcc307f3fbeffd4e162723e64d46dbf591c82dd0997413afb2a07328b941", size = 754191, upload-time = "2026-04-22T20:58:40.603Z" },
    { url = "https://files.pythonhosted.org/packages/e6/82/bc0ee4c7b97db1958eb651e0da9fb1e672e5ae53ca8867fd97701de52906/pyinstaller-6.20.0-py3-none-manylinux2014_ppc64le.whl", hash = "sha256:8df3b3f347659fa2562d8d193a98ad4600133b8b8d07c268df89e4154376750e", size = 751902, upload-time = "2026-04-22T20:58:44.7Z" },
    { url = "https://files.pythonhosted.org/packages/3d/e7/770002d6aaa54173881cb2c49bb195ba67b97bf39bac1cdf320f28401629/pyinstaller-6.20.0-py3-none-manylinux2014_s390x.whl", hash = "sha256:b0d3cc9dd8120d448459bd3880a12e2f9774c51443af49047801446377999a59", size = 748634, upload-time = "2026-04-22T20:58:48.579Z" },
    { url = "https://files.pythonhosted.org/packages/fe/db/68ba1fccb71278b2124fb90b37b7c8c0bc4c1173fba45b94466df3d9cb7f/pyinstaller-6.20.0-py3-none-manylinux2014_x86_64.whl", hash = "sha256:03696bb6350177c6bc23bcaf78e71a33c4a89b6754dd90d1be2f318e978c918b", size = 748490, upload-time = "2026-04-22T20:58:52.749Z" },
    { url = "https://files.pythonhosted.org/packages/03/0f/ac77ffa996a56be3d5c8f85734a007f8347240691657f9704e7de2527fa3/pyinstaller-6.20.0-py3-none-musllinux_1_1_aarch64.whl", hash = "sha256:6357f1699f6af84f37e7367f031d4f68abdba65543b83990c9e8f5a4cebed0b7", size = 747650, upload-time = "2026-04-22T20:58:57.093Z" },
    { url = "https://files.pythonhosted.org/packages/e0/56/1ee91c3a2bc10ca1f36da10a6fd55ff7efc4dec367171eb25992a827874f/pyinstaller-6.20.0-py3-none-musllinux_1_1_x86_64.whl", hash = "sha256:0ab39c690abad26ba148e8f664f0478acc82a733997f4f22e757774832802da9", size = 747413, upload-time = "2026-04-22T20:59:01.174Z" },
    { url = "https://files.pythonhosted.org/packages/d7/55/ae264339996953c4cdf9d89d916a0a8fa26a83cf917a742fff8b9d5f3fe8/pyinstaller-6.20.0-py3-none-win32.whl", hash = "sha256:9a7637e8e44b4387b13667fdcaac86ab6b29c446c16d34d8401539b81838759c", size = 1331584, upload-time = "2026-04-22T20:59:07.201Z" },
    { url = "https://files.pythonhosted.org/packages/76/8c/300f57578882cce259bfb5ae56fda3b69caa3fe9df40a176c719920ea6e2/pyinstaller-6.20.0-py3-none-win_amd64.whl", hash = "sha256:d588844e890ee80c4365867f98146636e1849bbca8e4284bbf0c809aff0f161a", size = 1391851, upload-time = "2026-04-22T20:59:14.024Z" },
    { url = "https://files.pythonhosted.org/packages/8a/ea/b2f8e1642aecda78c0b75c7321f708e49e10bb3c00dd4f148c40761a1527/pyinstaller-6.20.0-py3-none-win_arm64.whl", hash = "sha256:bd53282c0a73e5c95573e1ddc8e5d564d4932bec91efbaed4dc5fdff9c2ae7f2", size = 1332259, upload-time = "2026-04-22T20:59:20.509Z" },
]

[[package]]
name = "pyinstaller-hooks-contrib"
version = "2026.6"
source = { registry = "https://pypi.org/simple" }
dependencies = [
    { name = "packaging" },
]
sdist = { url = "https://files.pythonhosted.org/packages/94/5b/c9fe0db5e83ee1c39b2258fa21d23b15e1a60786b6c5990ee5074ead8bb6/pyinstaller_hooks_contrib-2026.6.tar.gz", hash = "sha256:bef5002c32f4f50bd55b005da12cff64eca8783e7eaf86a06a62410164bab725", size = 173354, upload-time = "2026-06-08T22:37:16.152Z" }
wheels = [
    { url = "https://files.pythonhosted.org/packages/e7/31/f2d7343d8ed5f7c4678377886f6ce533e6eaaa131b252ce950114c2a7efa/pyinstaller_hooks_contrib-2026.6-py3-none-any.whl", hash = "sha256:fd13b8ac126b35361175edacd41a0d97080b75dd5f4b594ecefefff969509dd3", size = 457159, upload-time = "2026-06-08T22:37:14.722Z" },
]

[[package]]
name = "pyqt6"
version = "6.10.2"
source = { registry = "https://pypi.org/simple" }
dependencies = [
    { name = "pyqt6-qt6" },
    { name = "pyqt6-sip" },
]
sdist = { url = "https://files.pythonhosted.org/packages/96/03/e756f52e8b0d7bb5527baf8c46d59af0746391943bdb8655acba22ee4168/pyqt6-6.10.2.tar.gz", hash = "sha256:6c0db5d8cbb9a3e7e2b5b51d0ff3f283121fa27b864db6d2f35b663c9be5cc83", size = 1085573, upload-time = "2026-01-08T16:40:00.244Z" }
wheels = [
    { url = "https://files.pythonhosted.org/packages/fb/3f/f073a980969aa485ef288eb2e3b94c223ba9c7ac9941543f19b51659b98d/pyqt6-6.10.2-cp39-abi3-macosx_10_14_universal2.whl", hash = "sha256:37ae7c1183fe4dd0c6aefd2006a35731245de1cb6f817bb9e414a3e4848dfd6d", size = 60244482, upload-time = "2026-01-08T16:38:50.837Z" },
    { url = "https://files.pythonhosted.org/packages/ec/3e/9a015651ec71cea2e2f960c37edeb21623ba96a74956c0827def837f7c6b/pyqt6-6.10.2-cp39-abi3-manylinux_2_34_x86_64.whl", hash = "sha256:78e1b3d5763e4cbc84485aef600e0aba5e1932fd263b716f92cd1a40dfa5e924", size = 37899440, upload-time = "2026-01-08T16:39:09.027Z" },
    { url = "https://files.pythonhosted.org/packages/51/74/a88fec2b99700270ca5d7dc7d650236a4990ed6fc88e055ca0fc8a339ee3/pyqt6-6.10.2-cp39-abi3-manylinux_2_39_aarch64.whl", hash = "sha256:bbc3af541bbecd27301bfe69fe445aa1611a9b490bd3de77306b12df632f7ec6", size = 40748467, upload-time = "2026-01-08T16:39:29.551Z" },
    { url = "https://files.pythonhosted.org/packages/75/34/be7a55529607b21db00a49ca53cb07c3092d2a5a95ea19bb95cfa0346904/pyqt6-6.10.2-cp39-abi3-win_amd64.whl", hash = "sha256:bd328cb70bc382c48861cd5f0a11b2b8ae6f5692d5a2d6679ba52785dced327b", size = 26015391, upload-time = "2026-01-08T16:39:42.946Z" },
    { url = "https://files.pythonhosted.org/packages/af/de/d9c88f976602b7884fec4ad54a4575d48e23e4f390e5357ea83917358846/pyqt6-6.10.2-cp39-abi3-win_arm64.whl", hash = "sha256:7901ba1df024b7ee9fdacfb2b7661aeb3749ae8b0bef65428077de3e0450eabb", size = 26208415, upload-time = "2026-01-08T16:39:57.751Z" },
]

[[package]]
name = "pyqt6-qt6"
version = "6.10.2"
source = { registry = "https://pypi.org/simple" }
wheels = [
    { url = "https://files.pythonhosted.org/packages/9a/eb/f04d547d8ed9f20c7b246db4ef5d93b49cab4692009a10652ed0a8b9d2aa/pyqt6_qt6-6.10.2-py3-none-macosx_10_14_x86_64.whl", hash = "sha256:5761cfccc721da2311c3f1213577f0ff1df07bbbbe3fa3a209a256b82cf057e3", size = 68688870, upload-time = "2026-01-29T12:26:48.619Z" },
    { url = "https://files.pythonhosted.org/packages/ce/c8/d99e65ab01c2402fb6bc4f77abef7244f7d5fb2f2e6d5b0abdf71bb2e4fc/pyqt6_qt6-6.10.2-py3-none-macosx_11_0_arm64.whl", hash = "sha256:6dda853a8db1b8d1a2ddbbe76cc6c3aa86614cad14056bd3c0435d8feea73b2d", size = 62512013, upload-time = "2026-01-29T12:27:24.642Z" },
    { url = "https://files.pythonhosted.org/packages/d5/fe/01fd9b9d2ca139ef61582f2e2da249fa169229144294c1bb27db59ad8420/pyqt6_qt6-6.10.2-py3-none-manylinux_2_34_x86_64.whl", hash = "sha256:19c10b5f0806e9f9bac2c9759bd5d7d19a78967f330fd60a2db409177fa76e49", size = 84028760, upload-time = "2026-01-29T12:28:03.267Z" },
    { url = "https://files.pythonhosted.org/packages/f4/20/a0d027ebb267d3afaf319d94efe1ff4d667004ee83b96701329a4d11fb95/pyqt6_qt6-6.10.2-py3-none-manylinux_2_39_aarch64.whl", hash = "sha256:2e60d616861ca4565cd295418d605975aa2dc407ba4b94c1586a70c92e9cb052", size = 83063975, upload-time = "2026-01-29T12:28:48.928Z" },
    { url = "https://files.pythonhosted.org/packages/06/8e/595f215876d507417cc8565e05519916d3b0b76baedea6a1e4e5105633fc/pyqt6_qt6-6.10.2-py3-none-win_amd64.whl", hash = "sha256:c4b7f7d66cc58bddf1bc1ca28dfcf7a45f58cfcb11d81d13a0510409dd4957ac", size = 78433821, upload-time = "2026-01-29T12:29:35.493Z" },
    { url = "https://files.pythonhosted.org/packages/50/5f/2196e2b536217b87cb3d2ce13ef8f7607d08b02f1990a4bd84a88d293a3c/pyqt6_qt6-6.10.2-py3-none-win_arm64.whl", hash = "sha256:7164a6f0c1335358a3026df9865c8f75395b01f60f0dcd2f66c029ec16fc83d2", size = 58354426, upload-time = "2026-01-29T12:30:02.95Z" },
]

[[package]]
name = "pyqt6-sip"
version = "13.11.1"
source = { registry = "https://pypi.org/simple" }
sdist = { url = "https://files.pythonhosted.org/packages/90/24/a753e1af94b9ae5b2da63d4598457308da3cdbf0838c959381db086ccc86/pyqt6_sip-13.11.1.tar.gz", hash = "sha256:869c5b48afe38e55b1ee0dd72182b0886e968cc509b98023ff50010b013ce1be", size = 92574, upload-time = "2026-03-09T13:01:35.418Z" }
wheels = [
    { url = "https://files.pythonhosted.org/packages/20/1d/62c633faedef5bb3b8c7486a72e8a6466adaa2a14efcfccf85bb23426748/pyqt6_sip-13.11.1-cp314-cp314-macosx_10_15_universal2.whl", hash = "sha256:cb931c1af45294bbe8039c5cfda184e3023f5dc766fc884964010eedd8fd85db", size = 112678, upload-time = "2026-03-09T13:01:28.15Z" },
    { url = "https://files.pythonhosted.org/packages/03/72/5a3d9ffef0caa7e1bc7a35d6300f6099bfccd1d8a485b4320ba20013a2d9/pyqt6_sip-13.11.1-cp314-cp314-manylinux1_x86_64.manylinux_2_5_x86_64.whl", hash = "sha256:353d613129316e9f7eda6bbe821deb7b7ffa14483499189171fd8a246873f9ac", size = 299560, upload-time = "2026-03-09T13:01:32.134Z" },
    { url = "https://files.pythonhosted.org/packages/98/f4/886f901f1e04da717a11e180ba19a9c7fc62da170966d57206006f173bda/pyqt6_sip-13.11.1-cp314-cp314-manylinux_2_17_aarch64.manylinux2014_aarch64.whl", hash = "sha256:fcadd68e09ee24cdda8f8bfcba52e59c9b297055d2c450f0eb89afa61a8dc31a", size = 321846, upload-time = "2026-03-09T13:01:29.817Z" },
    { url = "https://files.pythonhosted.org/packages/96/f2/b68fd566f7f86dbb53d933489e70487cabaea0e0161690e4899653bbc7fb/pyqt6_sip-13.11.1-cp314-cp314-win_amd64.whl", hash = "sha256:581e287bf42587593b88b30d9db06ed0fccbf40f345a5bd3ec3f00a5692e2430", size = 55055, upload-time = "2026-03-09T13:01:33.467Z" },
    { url = "https://files.pythonhosted.org/packages/8d/42/efb7ced69f7d1d31eb8f19b2d778aeb182be7e070569d02b9057ac478e3e/pyqt6_sip-13.11.1-cp314-cp314-win_arm64.whl", hash = "sha256:42b62530a9b6a9c6e29c2941b8ab78258652da0aeae4eb1fc9a0631d19a7a7b2", size = 49597, upload-time = "2026-03-09T13:01:34.49Z" },
]

[[package]]
name = "pywin32-ctypes"
version = "0.2.3"
source = { registry = "https://pypi.org/simple" }
sdist = { url = "https://files.pythonhosted.org/packages/85/9f/01a1a99704853cb63f253eea009390c88e7131c67e66a0a02099a8c917cb/pywin32-ctypes-0.2.3.tar.gz", hash = "sha256:d162dc04946d704503b2edc4d55f3dba5c1d539ead017afa00142c38b9885755", size = 29471, upload-time = "2024-08-14T10:15:34.626Z" }
wheels = [
    { url = "https://files.pythonhosted.org/packages/de/3d/8161f7711c017e01ac9f008dfddd9410dff3674334c233bde66e7ba65bbf/pywin32_ctypes-0.2.3-py3-none-any.whl", hash = "sha256:8a1513379d709975552d202d942d9837758905c8d01eb82b8bcc30918929e7b8", size = 30756, upload-time = "2024-08-14T10:15:33.187Z" },
]

[[package]]
name = "ruff"
version = "0.15.16"
source = { registry = "https://pypi.org/simple" }
sdist = { url = "https://files.pythonhosted.org/packages/a6/bd/5f7ec371001337d8fa61701c186ff8b613ecac1651848c5950f4c4d5f2e9/ruff-0.15.16.tar.gz", hash = "sha256:d05e78d38c78caf020b03789e25106c93017db5a0cb6e2819885018c61343b78", size = 4714267, upload-time = "2026-06-04T16:33:09.974Z" }
wheels = [
    { url = "https://files.pythonhosted.org/packages/0c/42/53ef1c3953f157956db9bf7861e3bc50b9b887ce93300aa48cdba8336fe6/ruff-0.15.16-py3-none-linux_armv6l.whl", hash = "sha256:6ac3c0b3969cc6cf6b158c4e2f8f682acb58e7d700d8a44b65ecdc72d66ab0b2", size = 10709025, upload-time = "2026-06-04T16:32:51.935Z" },
    { url = "https://files.pythonhosted.org/packages/93/9a/a79159346f19134a956607754e57d8d128f7a4c00f4ad2f7514d224c172c/ruff-0.15.16-py3-none-macosx_10_12_x86_64.whl", hash = "sha256:197c207ed75ffba54a0dec23db4aa939a27a3053073e085e0042433cbdc58e4a", size = 11063550, upload-time = "2026-06-04T16:32:42.24Z" },
    { url = "https://files.pythonhosted.org/packages/bc/72/3ce2ac000a5299ec238e01f51397b3b653c93b077d9b1bfe8715bb895f20/ruff-0.15.16-py3-none-macosx_11_0_arm64.whl", hash = "sha256:3a39fec45ab316cc23e7558f23fea4a70403ddb5648ea9a4a3854a16973d0071", size = 10421345, upload-time = "2026-06-04T16:32:37.251Z" },
    { url = "https://files.pythonhosted.org/packages/b0/c2/cc7fad3ec9169373f5b6a18f1917b91080feec40c3f9658334a1d28e2f03/ruff-0.15.16-py3-none-manylinux_2_17_aarch64.manylinux2014_aarch64.whl", hash = "sha256:ba93191d79003116b95128c9d306e045200fdbd0bccb782b110f3cd1d4abc5cf", size = 10757217, upload-time = "2026-06-04T16:32:54.722Z" },
    { url = "https://files.pythonhosted.org/packages/69/d2/3474009eaa0a65b31fa7152a2fad5e2f050c640ceb1e6b02ee6922e94c82/ruff-0.15.16-py3-none-manylinux_2_17_armv7l.manylinux2014_armv7l.whl", hash = "sha256:c6ee4b90520630120ef032aa5cc10db483852dff950e78b1d717e2993a61ac8d", size = 10507035, upload-time = "2026-06-04T16:33:05.343Z" },
    { url = "https://files.pythonhosted.org/packages/ca/81/b7ae6ccbd11f0c8dc3d5d67fc4be9b57ff57ca86ba56152021378e1277f2/ruff-0.15.16-py3-none-manylinux_2_17_i686.manylinux2014_i686.whl", hash = "sha256:4e4215bc938bc3c8215c1472c1aa437e310fee20cd427335fec9d7e609563628", size = 11255291, upload-time = "2026-06-04T16:32:49.49Z" },
    { url = "https://files.pythonhosted.org/packages/d9/e1/46e526f1a7cc90857ce6ddf25fbb77eb6568651ac38d71b033af07076dd5/ruff-0.15.16-py3-none-manylinux_2_17_ppc64le.manylinux2014_ppc64le.whl", hash = "sha256:7c8d26be963b090f10e29abc8b3e74a2a321f6fa34e02424e30b5af89350ecbb", size = 12124922, upload-time = "2026-06-04T16:33:07.821Z" },
    { url = "https://files.pythonhosted.org/packages/1a/da/5c791b088b596b24d0deb967fa28ae02ad751a140c0b9ea81c5ab915d6c0/ruff-0.15.16-py3-none-manylinux_2_17_s390x.manylinux2014_s390x.whl", hash = "sha256:f198cf4123602a2280ed46c307bcbafe41758d6fee5b456b6b6058ca1514b3b4", size = 11332186, upload-time = "2026-06-04T16:33:02.971Z" },
    { url = "https://files.pythonhosted.org/packages/72/11/5da87abe20047c8962361473923ebb2f62b595250126aadfad8c20649c1e/ruff-0.15.16-py3-none-manylinux_2_17_x86_64.manylinux2014_x86_64.whl", hash = "sha256:bb27515fa6240fb586ae82b901a59e67d24acff86f2190b433dc542fe0435aeb", size = 11373541, upload-time = "2026-06-04T16:32:47.007Z" },
    { url = "https://files.pythonhosted.org/packages/fe/2a/8554754c23a854ae3fd6b507e36ad61ddb121e298c6d5d617dec94ed0f14/ruff-0.15.16-py3-none-manylinux_2_31_riscv64.whl", hash = "sha256:a267c46ba1593fc26b8eecbea050b39d40c0b6bb7781ee11c90a02cd10032951", size = 11353014, upload-time = "2026-06-04T16:32:34.795Z" },
    { url = "https://files.pythonhosted.org/packages/62/25/62ea41529ec89f742ea3fed9cb1059c72877ec7cf9b9e99ac9cf3294d1d9/ruff-0.15.16-py3-none-musllinux_1_2_aarch64.whl", hash = "sha256:528c68f39a91498a8d50e91ff5985df3d105782bab49cc378e73ac26bff083e8", size = 10737467, upload-time = "2026-06-04T16:32:26.348Z" },
    { url = "https://files.pythonhosted.org/packages/90/17/334d3ad9de4d40f9dd58fdd09e35ce64553bb501e2f19a839e2fb6be14fc/ruff-0.15.16-py3-none-musllinux_1_2_armv7l.whl", hash = "sha256:7ed55c58950df60589a9a7a5d2f8fa5f54ebd287163be805adfe6ee95a9de123", size = 10521910, upload-time = "2026-06-04T16:32:32.54Z" },
    { url = "https://files.pythonhosted.org/packages/4d/bd/3ac7c6ae77a885c1004b3dda2446ea401768d24f851c14b4ad4b24f6639c/ruff-0.15.16-py3-none-musllinux_1_2_i686.whl", hash = "sha256:d482feaf51512b50f9790ceb417a56a61dd1e9d9bf967662b9ed27c01b34f53a", size = 10979190, upload-time = "2026-06-04T16:32:57.492Z" },
    { url = "https://files.pythonhosted.org/packages/33/d7/609546e6a413c3f216fbf2a50c928f97c80939154f6a0503114094a86191/ruff-0.15.16-py3-none-musllinux_1_2_x86_64.whl", hash = "sha256:1e15bc8c94513dae2a40cc9ef07c94fdd4ecc9e29dabebeebe170f952322c9e3", size = 11477014, upload-time = "2026-06-04T16:32:44.687Z" },
    { url = "https://files.pythonhosted.org/packages/74/0d/f2cd247ad32633a5c36e97141a2c21b11c6279f7957bc2ff360b1e08fddd/ruff-0.15.16-py3-none-win32.whl", hash = "sha256:580378f7bd4aa25f72e74aa54948a9622f142b1e509521dd10902e886681cc1e", size = 10735541, upload-time = "2026-06-04T16:32:30.145Z" },
    { url = "https://files.pythonhosted.org/packages/8b/9e/02e845ef151b1dee585e55c4739f8e1734ae1d9f1221dff65761c162208b/ruff-0.15.16-py3-none-win_amd64.whl", hash = "sha256:408256017284eddf98fff77b29aa4fb30f586042d535b2d9befc6512f400aaec", size = 11843403, upload-time = "2026-06-04T16:32:39.76Z" },
    { url = "https://files.pythonhosted.org/packages/15/19/016553f86f207450aebebc2b2b5088d086b901cc8186c02ac4284db3bd88/ruff-0.15.16-py3-none-win_arm64.whl", hash = "sha256:8cd61783afb39638a7133ef0d2dfb1e91277593962f81b5a8423eb0b888a6121", size = 11134555, upload-time = "2026-06-04T16:33:00.136Z" },
]

[[package]]
name = "setuptools"
version = "82.0.1"
source = { registry = "https://pypi.org/simple" }
sdist = { url = "https://files.pythonhosted.org/packages/4f/db/cfac1baf10650ab4d1c111714410d2fbb77ac5a616db26775db562c8fab2/setuptools-82.0.1.tar.gz", hash = "sha256:7d872682c5d01cfde07da7bccc7b65469d3dca203318515ada1de5eda35efbf9", size = 1152316, upload-time = "2026-03-09T12:47:17.221Z" }
wheels = [
    { url = "https://files.pythonhosted.org/packages/9d/76/f789f7a86709c6b087c5a2f52f911838cad707cc613162401badc665acfe/setuptools-82.0.1-py3-none-any.whl", hash = "sha256:a59e362652f08dcd477c78bb6e7bd9d80a7995bc73ce773050228a348ce2e5bb", size = 1006223, upload-time = "2026-03-09T12:47:15.026Z" },
]

[[package]]
name = "srt"
version = "3.5.3"
source = { registry = "https://pypi.org/simple" }
sdist = { url = "https://files.pythonhosted.org/packages/66/b7/4a1bc231e0681ebf339337b0cd05b91dc6a0d701fa852bb812e244b7a030/srt-3.5.3.tar.gz", hash = "sha256:4884315043a4f0740fd1f878ed6caa376ac06d70e135f306a6dc44632eed0cc0", size = 28296, upload-time = "2023-03-28T02:35:44.007Z" }
