version = 1
revision = 3
requires-python = ">=3.14"

[[package]]
name = "ass"
version = "1.0.3"
source = { registry = "https://pypi.org/simple" }
sdist = { url = "https://files.pythonhosted.org/packages/e5/07/5c6a42e66414502df0aae1d8f752c4412f3845d953c45dbd705f7932de59/ass-1.0.3.tar.gz", hash = "sha256:1e48e181c8a6516d5a7a98de1e1be18ac6661526c3c37d92b6d16680650ef673", size = 12419, upload-time = "2025-10-22T21:11:04.82Z" }
wheels = [
    { url = "https://files.pythonhosted.org/packages/7a/3d/c51af75f531131d4f575cd8a8ffc8b101d21d80804626c25613f352ec85b/ass-1.0.3-py3-none-any.whl", hash = "sha256:8b46e481c5f866eec8be831d62697a0a580395e9ecc93239025cdd667cbe91b2", size = 15315, upload-time = "2025-10-22T21:11:03.996Z" },
]

[[package]]
name = "eyewoods"
version = "0.1.0"
source = { virtual = "." }
dependencies = [
    { name = "ass" },
    { name = "polars" },
    { name = "pyqt6" },
]

[package.metadata]
requires-dist = [
    { name = "ass", specifier = ">=1.0.3" },
    { name = "polars", specifier = ">=1.41.2" },
    { name = "pyqt6", specifier = ">=6.10.2" },
]

[[package]]
name = "polars"
version = "1.41.2"
source = { registry = "https://pypi.org/simple" }
dependencies = [
    { name = "polars-runtime-32" },
]
sdist = { url = "https://files.pythonhosted.org/packages/ff/f9/aeda46259b0669247a160315d2d51269de9504b9dd2f70acadbcb22f46b7/polars-1.41.2.tar.gz", hash = "sha256:256d6731162371b77f3f29a55eacb8c0fc740ddb1a293a01d2ef5b5393c5c708", size = 737996, upload-time = "2026-05-29T17:39:15.604Z" }
wheels = [
    { url = "https://files.pythonhosted.org/packages/1f/22/28f62d24f7db56ac4343588f9362d49b7b4177e55ac47a466fe696b0099b/polars-1.41.2-py3-none-any.whl", hash = "sha256:23ce9a2910b6e3e8d4258770bf44aa17170958df7af6e85feedf4458a04d8d29", size = 833445, upload-time = "2026-05-29T17:37:05.576Z" },
]

[[package]]
name = "polars-runtime-32"
version = "1.41.2"
source = { registry = "https://pypi.org/simple" }
sdist = { url = "https://files.pythonhosted.org/packages/f9/56/54e3ea0e9b64f327179049e4742241cc6b1d3e8fa414b05a057dd26df367/polars_runtime_32-1.41.2.tar.gz", hash = "sha256:7af09ec1ab053da2c9669e8d15f809a4083a29be05db57111688b8051062af56", size = 2989474, upload-time = "2026-05-29T17:39:17.257Z" }
wheels = [
    { url = "https://files.pythonhosted.org/packages/d6/9b/fe72a3811c0357cdb06c67bdc7695fa1623ad47948fc523195f5ac31037f/polars_runtime_32-1.41.2-cp310-abi3-macosx_10_12_x86_64.whl", hash = "sha256:95a08346dac337357cdb825c8076df7d36da54c4caa59a5cb41d0a30691c5edd", size = 52265283, upload-time = "2026-05-29T17:37:09.407Z" },
    { url = "https://files.pythonhosted.org/packages/0a/93/fab9da803fd80d9e83ef88c20932f637a10bc611b20415fc322eec84bc44/polars_runtime_32-1.41.2-cp310-abi3-macosx_11_0_arm64.whl", hash = "sha256:dedfaeec2c7f995298da7319dd9431d662e5dd1d0ec51b1459df4a0234ceff52", size = 46571222, upload-time = "2026-05-29T17:37:13.698Z" },
    { url = "https://files.pythonhosted.org/packages/c8/2a/8843f34a8ac57acd058a39b87b03b580dd352a490e9dae0415e02033bdd4/polars_runtime_32-1.41.2-cp310-abi3-manylinux_2_17_aarch64.manylinux2014_aarch64.whl", hash = "sha256:18eea22c5cc34e27f8a60950458ad81e6a9ea75e89363ca1367e14e7e7f781fc", size = 50409372, upload-time = "2026-05-29T17:37:17.875Z" },
    { url = "https://files.pythonhosted.org/packages/6c/c6/92b352fe88cf51bd0a19fb99e1c0cbe46aa26c14dcf7995b89869cd932ae/polars_runtime_32-1.41.2-cp310-abi3-manylinux_2_17_x86_64.manylinux2014_x86_64.whl", hash = "sha256:2630540dfdfb0f36f9b04a07c7c2e3f50bf2ad384113263c1c812007ee9141e0", size = 56405484, upload-time = "2026-05-29T17:37:22.684Z" },
    { url = "https://files.pythonhosted.org/packages/74/c4/bae3174c3b02f6b441d2e58594387abcd509f67a098f682a83b195f08966/polars_runtime_32-1.41.2-cp310-abi3-musllinux_1_2_aarch64.whl", hash = "sha256:20e969e08f9b137e233c04cc04de73d9795f89eb77d34854e40a025965a43763", size = 50603512, upload-time = "2026-05-29T17:37:27.422Z" },
    { url = "https://files.pythonhosted.org/packages/f4/ed/f2d26ae02d92c2689056838ed59e2a626326ad23c2831d58637d25f6c82a/polars_runtime_32-1.41.2-cp310-abi3-musllinux_1_2_x86_64.whl", hash = "sha256:e7016a3deb641b64a31447abbbee0f34bd020a6a9ae34ee6b743837def15e2a4", size = 54328561, upload-time = "2026-05-29T17:37:32.587Z" },
    { url = "https://files.pythonhosted.org/packages/9b/c4/9c3831cc885dc7769e59abf8f583821a5fb4403fd0e4eba0ccc6d47a3d4b/polars_runtime_32-1.41.2-cp310-abi3-win_amd64.whl", hash = "sha256:1e5e5377c315e0dcafdfb2a31adc546abbaeb3f9cb1864e6536523d2af473265", size = 51978643, upload-time = "2026-05-29T17:37:37.443Z" },
    { url = "https://files.pythonhosted.org/packages/cd/c6/79e9f3f270270d7ed5575d92b7bfef49f01abd9275447161275b23b553a8/polars_runtime_32-1.41.2-cp310-abi3-win_arm64.whl", hash = "sha256:843d96f69d18eca53429c1198e58891db7f18111f83b9c419bb45ad9d73eaed5", size = 46006901, upload-time = "2026-05-29T17:37:42.522Z" },
]

[[package]]
name = "pyqt6"
version = "6.10.2"
source = { registry = "https://pypi.org/simple" }
dependencies = [
    { name = "pyqt6-qt6" },
    { name = "pyqt6-sip" },
]
sdist = { url = "https://files.pythonhosted.org/packages/96/03/e756f52e8b0d7bb5527baf8c46d59af0746391943bdb8655acba22ee4168/pyqt6-6.10.2.tar.gz", hash = "sha256:6c0db5d8cbb9a3e7e2b5b51d0ff3f283121fa27b864db6d2f35b663c9be5cc83", size = 1085573, upload-time = "2026-01-08T16:40:00.244Z" }
wheels = [
    { url = "https://files.pythonhosted.org/packages/fb/3f/f073a980969aa485ef288eb2e3b94c223ba9c7ac9941543f19b51659b98d/pyqt6-6.10.2-cp39-abi3-macosx_10_14_universal2.whl", hash = "sha256:37ae7c1183fe4dd0c6aefd2006a35731245de1cb6f817bb9e414a3e4848dfd6d", size = 60244482, upload-time = "2026-01-08T16:38:50.837Z" },
    { url = "https://files.pythonhosted.org/packages/ec/3e/9a015651ec71cea2e2f960c37edeb21623ba96a74956c0827def837f7c6b/pyqt6-6.10.2-cp39-abi3-manylinux_2_34_x86_64.whl", hash = "sha256:78e1b3d5763e4cbc84485aef600e0aba5e1932fd263b716f92cd1a40dfa5e924", size = 37899440, upload-time = "2026-01-08T16:39:09.027Z" },
    { url = "https://files.pythonhosted.org/packages/51/74/a88fec2b99700270ca5d7dc7d650236a4990ed6fc88e055ca0fc8a339ee3/pyqt6-6.10.2-cp39-abi3-manylinux_2_39_aarch64.whl", hash = "sha256:bbc3af541bbecd27301bfe69fe445aa1611a9b490bd3de77306b12df632f7ec6", size = 40748467, upload-time = "2026-01-08T16:39:29.551Z" },
    { url = "https://files.pythonhosted.org/packages/75/34/be7a55529607b21db00a49ca53cb07c3092d2a5a95ea19bb95cfa0346904/pyqt6-6.10.2-cp39-abi3-win_amd64.whl", hash = "sha256:bd328cb70bc382c48861cd5f0a11b2b8ae6f5692d5a2d6679ba52785dced327b", size = 26015391, upload-time = "2026-01-08T16:39:42.946Z" },
    { url = "https://files.pythonhosted.org/packages/af/de/d9c88f976602b7884fec4ad54a4575d48e23e4f390e5357ea83917358846/pyqt6-6.10.2-cp39-abi3-win_arm64.whl", hash = "sha256:7901ba1df024b7ee9fdacfb2b7661aeb3749ae8b0bef65428077de3e0450eabb", size = 26208415, upload-time = "2026-01-08T16:39:57.751Z" },
]

[[package]]
name = "pyqt6-qt6"
version = "6.10.2"
source = { registry = "https://pypi.org/simple" }
wheels = [
    { url = "https://files.pythonhosted.org/packages/9a/eb/f04d547d8ed9f20c7b246db4ef5d93b49cab4692009a10652ed0a8b9d2aa/pyqt6_qt6-6.10.2-py3-none-macosx_10_14_x86_64.whl", hash = "sha256:5761cfccc721da2311c3f1213577f0ff1df07bbbbe3fa3a209a256b82cf057e3", size = 68688870, upload-time = "2026-01-29T12:26:48.619Z" },
    { url = "https://files.pythonhosted.org/packages/ce/c8/d99e65ab01c2402fb6bc4f77abef7244f7d5fb2f2e6d5b0abdf71bb2e4fc/pyqt6_qt6-6.10.2-py3-none-macosx_11_0_arm64.whl", hash = "sha256:6dda853a8db1b8d1a2ddbbe76cc6c3aa86614cad14056bd3c0435d8feea73b2d", size = 62512013, upload-time = "2026-01-29T12:27:24.642Z" },
    { url = "https://files.pythonhosted.org/packages/d5/fe/01fd9b9d2ca139ef61582f2e2da249fa169229144294c1bb27db59ad8420/pyqt6_qt6-6.10.2-py3-none-manylinux_2_34_x86_64.whl", hash = "sha256:19c10b5f0806e9f9bac2c9759bd5d7d19a78967f330fd60a2db409177fa76e49", size = 84028760, upload-time = "2026-01-29T12:28:03.267Z" },
    { url = "https://files.pythonhosted.org/packages/f4/20/a0d027ebb267d3afaf319d94efe1ff4d667004ee83b96701329a4d11fb95/pyqt6_qt6-6.10.2-py3-none-manylinux_2_39_aarch64.whl", hash = "sha256:2e60d616861ca4565cd295418d605975aa2dc407ba4b94c1586a70c92e9cb052", size = 83063975, upload-time = "2026-01-29T12:28:48.928Z" },
    { url = "https://files.pythonhosted.org/packages/06/8e/595f215876d507417cc8565e05519916d3b0b76baedea6a1e4e5105633fc/pyqt6_qt6-6.10.2-py3-none-win_amd64.whl", hash = "sha256:c4b7f7d66cc58bddf1bc1ca28dfcf7a45f58cfcb11d81d13a0510409dd4957ac", size = 78433821, upload-time = "2026-01-29T12:29:35.493Z" },
    { url = "https://files.pythonhosted.org/packages/50/5f/2196e2b536217b87cb3d2ce13ef8f7607d08b02f1990a4bd84a88d293a3c/pyqt6_qt6-6.10.2-py3-none-win_arm64.whl", hash = "sha256:7164a6f0c1335358a3026df9865c8f75395b01f60f0dcd2f66c029ec16fc83d2", size = 58354426, upload-time = "2026-01-29T12:30:02.95Z" },
]

[[package]]
name = "pyqt6-sip"
version = "13.11.1"
source = { registry = "https://pypi.org/simple" }
sdist = { url = "https://files.pythonhosted.org/packages/90/24/a753e1af94b9ae5b2da63d4598457308da3cdbf0838c959381db086ccc86/pyqt6_sip-13.11.1.tar.gz", hash = "sha256:869c5b48afe38e55b1ee0dd72182b0886e968cc509b98023ff50010b013ce1be", size = 92574, upload-time = "2026-03-09T13:01:35.418Z" }
wheels = [
    { url = "https://files.pythonhosted.org/packages/20/1d/62c633faedef5bb3b8c7486a72e8a6466adaa2a14efcfccf85bb23426748/pyqt6_sip-13.11.1-cp314-cp314-macosx_10_15_universal2.whl", hash = "sha256:cb931c1af45294bbe8039c5cfda184e3023f5dc766fc884964010eedd8fd85db", size = 112678, upload-time = "2026-03-09T13:01:28.15Z" },
    { url = "https://files.pythonhosted.org/packages/03/72/5a3d9ffef0caa7e1bc7a35d6300f6099bfccd1d8a485b4320ba20013a2d9/pyqt6_sip-13.11.1-cp314-cp314-manylinux1_x86_64.manylinux_2_5_x86_64.whl", hash = "sha256:353d613129316e9f7eda6bbe821deb7b7ffa14483499189171fd8a246873f9ac", size = 299560, upload-time = "2026-03-09T13:01:32.134Z" },
    { url = "https://files.pythonhosted.org/packages/98/f4/886f901f1e04da717a11e180ba19a9c7fc62da170966d57206006f173bda/pyqt6_sip-13.11.1-cp314-cp314-manylinux_2_17_aarch64.manylinux2014_aarch64.whl", hash = "sha256:fcadd68e09ee24cdda8f8bfcba52e59c9b297055d2c450f0eb89afa61a8dc31a", size = 321846, upload-time = "2026-03-09T13:01:29.817Z" },
    { url = "https://files.pythonhosted.org/packages/96/f2/b68fd566f7f86dbb53d933489e70487cabaea0e0161690e4899653bbc7fb/pyqt6_sip-13.11.1-cp314-cp314-win_amd64.whl", hash = "sha256:581e287bf42587593b88b30d9db06ed0fccbf40f345a5bd3ec3f00a5692e2430", size = 55055, upload-time = "2026-03-09T13:01:33.467Z" },
    { url = "https://files.pythonhosted.org/packages/8d/42/efb7ced69f7d1d31eb8f19b2d778aeb182be7e070569d02b9057ac478e3e/pyqt6_sip-13.11.1-cp314-cp314-win_arm64.whl", hash = "sha256:42b62530a9b6a9c6e29c2941b8ab78258652da0aeae4eb1fc9a0631d19a7a7b2", size = 49597, upload-time = "2026-03-09T13:01:34.49Z" },
]
